
Microsoft Visual Studio Solution File, Format Version 12.00
# Visual Studio Version 17
VisualStudioVersion = 17.14.36310.24 d17.14
MinimumVisualStudioVersion = 10.0.40219.1
Project("{FAE04EC0-301F-11D3-BF4B-00C04F79EFBC}") = "websocket", "websocket.csproj", "{46B78AE8-63FC-411C-B2D5-20CE69FD64D1}"
EndProject
Global
	GlobalSection(SolutionConfigurationPlatforms) = preSolution
		Debug|Any CPU = Debug|Any CPU
		Release|Any CPU = Release|Any CPU
	EndGlobalSection
	GlobalSection(ProjectConfigurationPlatforms) = postSolution
		{46B78AE8-63FC-411C-B2D5-20CE69FD64D1}.Debug|Any CPU.ActiveCfg = Debug|Any CPU
		{46B78AE8-63FC-411C-B2D5-20CE69FD64D1}.Debug|Any CPU.Build.0 = Debug|Any CPU
		{46B78AE8-63FC-411C-B2D5-20CE69FD64D1}.Release|Any CPU.ActiveCfg = Release|Any CPU
		{46B78AE8-63FC-411C-B2D5-20CE69FD64D1}.Release|Any CPU.Build.0 = Release|Any CPU
	EndGlobalSection
	GlobalSection(SolutionProperties) = preSolution
		HideSolutionNode = FALSE
	EndGlobalSection
	GlobalSection(ExtensibilityGlobals) = postSolution
		SolutionGuid = {C4995C1C-8F7F-45E1-BE02-B2594FC65B9B}
	EndGlobalSection
EndGlobal
